
Microsoft Visual Studio Solution File, Format Version 12.00
# Visual Studio 15
VisualStudioVersion = 15.0.28307.106
MinimumVisualStudioVersion = 10.0.40219.1
Project("{FAE04EC0-301F-11D3-BF4B-00C04F79EFBC}") = "WebApi2_Personalidade", "WebApi2_Personalidade\WebApi2_Personalidade.csproj", "{21931C9F-B22D-42E8-B151-1982CCBBFA89}"
EndProject
Project("{FAE04EC0-301F-11D3-BF4B-00C04F79EFBC}") = "ConsumindoWebAPI_Personalidade", "ConsumindoWebAPI_Personalidade\ConsumindoWebAPI_Personalidade.csproj", "{24846676-5E74-4047-AF1D-B823971BAFF9}"
EndProject
Global
	GlobalSection(SolutionConfigurationPlatforms) = preSolution
		Debug|Any CPU = Debug|Any CPU
		Release|Any CPU = Release|Any CPU
	EndGlobalSection
	GlobalSection(ProjectConfigurationPlatforms) = postSolution
		{21931C9F-B22D-42E8-B151-1982CCBBFA89}.Debug|Any CPU.ActiveCfg = Debug|Any CPU
		{21931C9F-B22D-42E8-B151-1982CCBBFA89}.Debug|Any CPU.Build.0 = Debug|Any CPU
		{21931C9F-B22D-42E8-B151-1982CCBBFA89}.Release|Any CPU.ActiveCfg = Release|Any CPU
		{21931C9F-B22D-42E8-B151-1982CCBBFA89}.Release|Any CPU.Build.0 = Release|Any CPU
		{24846676-5E74-4047-AF1D-B823971BAFF9}.Debug|Any CPU.ActiveCfg = Debug|Any CPU
		{24846676-5E74-4047-AF1D-B823971BAFF9}.Debug|Any CPU.Build.0 = Debug|Any CPU
		{24846676-5E74-4047-AF1D-B823971BAFF9}.Release|Any CPU.ActiveCfg = Release|Any CPU
		{24846676-5E74-4047-AF1D-B823971BAFF9}.Release|Any CPU.Build.0 = Release|Any CPU
	EndGlobalSection
	GlobalSection(SolutionProperties) = preSolution
		HideSolutionNode = FALSE
	EndGlobalSection
	GlobalSection(ExtensibilityGlobals) = postSolution
		SolutionGuid = {BD739CC8-1660-41EC-8DE2-DB47E51B9F3E}
	EndGlobalSection
EndGlobal
